// !$*UTF8*$!
{
	archiveVersion = 1;
	classes = {
	};
	objectVersion = 47;
	objects = {

/* Begin PBXBuildFile section */
		42723EE21D382C26009B8740 /* AppDelegate.swift in Sources */ = {isa = PBXBuildFile; fileRef = 42723EE11D382C26009B8740 /* AppDelegate.swift */; };
		42723EE71D382C26009B8740 /* Main.storyboard in Resources */ = {isa = PBXBuildFile; fileRef = 42723EE51D382C26009B8740 /* Main.storyboard */; };
		42723EEA1D382C26009B8740 /* ToDo.xcdatamodeld in Sources */ = {isa = PBXBuildFile; fileRef = 42723EE81D382C26009B8740 /* ToDo.xcdatamodeld */; };
		42723EEC1D382C26009B8740 /* Assets.xcassets in Resources */ = {isa = PBXBuildFile; fileRef = 42723EEB1D382C26009B8740 /* Assets.xcassets */; };
		42723EEF1D382C26009B8740 /* LaunchScreen.storyboard in Resources */ = {isa = PBXBuildFile; fileRef = 42723EED1D382C26009B8740 /* LaunchScreen.storyboard */; };
		42723EF71D382CCF009B8740 /* TaskListViewController.swift in Sources */ = {isa = PBXBuildFile; fileRef = 42723EF61D382CCF009B8740 /* TaskListViewController.swift */; };
		42723EFC1D38472A009B8740 /* MatrixCategoryCellView.swift in Sources */ = {isa = PBXBuildFile; fileRef = 42723EFB1D38472A009B8740 /* MatrixCategoryCellView.swift */; };
		42723EFE1D3850F6009B8740 /* TaskListCellView.swift in Sources */ = {isa = PBXBuildFile; fileRef = 42723EFD1D3850F6009B8740 /* TaskListCellView.swift */; };
		428EFEF81D395FCF00179245 /* NewTaskViewController.swift in Sources */ = {isa = PBXBuildFile; fileRef = 428EFEF71D395FCF00179245 /* NewTaskViewController.swift */; };
		428EFEFA1D3960E900179245 /* DescriptionCellView.swift in Sources */ = {isa = PBXBuildFile; fileRef = 428EFEF91D3960E900179245 /* DescriptionCellView.swift */; };
		428EFEFC1D3964E100179245 /* ImportantCellView.swift in Sources */ = {isa = PBXBuildFile; fileRef = 428EFEFB1D3964E100179245 /* ImportantCellView.swift */; };
		428EFEFE1D39650D00179245 /* UrgentCellView.swift in Sources */ = {isa = PBXBuildFile; fileRef = 428EFEFD1D39650D00179245 /* UrgentCellView.swift */; };
		428EFF021D397B5400179245 /* NewTaskModel.swift in Sources */ = {isa = PBXBuildFile; fileRef = 428EFF011D397B5400179245 /* NewTaskModel.swift */; };
/* End PBXBuildFile section */

/* Begin PBXFileReference section */
		42723EDE1D382C26009B8740 /* ToDo.app */ = {isa = PBXFileReference; explicitFileType = wrapper.application; includeInIndex = 0; path = ToDo.app; sourceTree = BUILT_PRODUCTS_DIR; };
		42723EE11D382C26009B8740 /* AppDelegate.swift */ = {isa = PBXFileReference; lastKnownFileType = sourcecode.swift; path = AppDelegate.swift; sourceTree = "<group>"; };
		42723EE61D382C26009B8740 /* Base */ = {isa = PBXFileReference; lastKnownFileType = file.storyboard; name = Base; path = Base.lproj/Main.storyboard; sourceTree = "<group>"; };
		42723EE91D382C26009B8740 /* ToDo.xcdatamodel */ = {isa = PBXFileReference; lastKnownFileType = wrapper.xcdatamodel; path = ToDo.xcdatamodel; sourceTree = "<group>"; };
		42723EEB1D382C26009B8740 /* Assets.xcassets */ = {isa = PBXFileReference; lastKnownFileType = folder.assetcatalog; path = Assets.xcassets; sourceTree = "<group>"; };
		42723EEE1D382C26009B8740 /* Base */ = {isa = PBXFileReference; lastKnownFileType = file.storyboard; name = Base; path = Base.lproj/LaunchScreen.storyboard; sourceTree = "<group>"; };
		42723EF01D382C26009B8740 /* Info.plist */ = {isa = PBXFileReference; lastKnownFileType = text.plist.xml; path = Info.plist; sourceTree = "<group>"; };
		42723EF61D382CCF009B8740 /* TaskListViewController.swift */ = {isa = PBXFileReference; fileEncoding = 4; lastKnownFileType = sourcecode.swift; path = TaskListViewController.swift; sourceTree = "<group>"; };
		42723EFB1D38472A009B8740 /* MatrixCategoryCellView.swift */ = {isa = PBXFileReference; fileEncoding = 4; lastKnownFileType = sourcecode.swift; path = MatrixCategoryCellView.swift; sourceTree = "<group>"; };
		42723EFD1D3850F6009B8740 /* TaskListCellView.swift */ = {isa = PBXFileReference; fileEncoding = 4; lastKnownFileType = sourcecode.swift; path = TaskListCellView.swift; sourceTree = "<group>"; };
		428EFEF71D395FCF00179245 /* NewTaskViewController.swift */ = {isa = PBXFileReference; fileEncoding = 4; lastKnownFileType = sourcecode.swift; path = NewTaskViewController.swift; sourceTree = "<group>"; };
		428EFEF91D3960E900179245 /* DescriptionCellView.swift */ = {isa = PBXFileReference; fileEncoding = 4; lastKnownFileType = sourcecode.swift; path = DescriptionCellView.swift; sourceTree = "<group>"; };
		428EFEFB1D3964E100179245 /* ImportantCellView.swift */ = {isa = PBXFileReference; fileEncoding = 4; lastKnownFileType = sourcecode.swift; path = ImportantCellView.swift; sourceTree = "<group>"; };
		428EFEFD1D39650D00179245 /* UrgentCellView.swift */ = {isa = PBXFileReference; fileEncoding = 4; lastKnownFileType = sourcecode.swift; path = UrgentCellView.swift; sourceTree = "<group>"; };
		428EFF011D397B5400179245 /* NewTaskModel.swift */ = {isa = PBXFileReference; fileEncoding = 4; lastKnownFileType = sourcecode.swift; path = NewTaskModel.swift; sourceTree = "<group>"; };
/* End PBXFileReference section */

/* Begin PBXFrameworksBuildPhase section */
		42723EDB1D382C26009B8740 /* Frameworks */ = {
			isa = PBXFrameworksBuildPhase;
			buildActionMask = 2147483647;
			files = (
			);
			runOnlyForDeploymentPostprocessing = 0;
		};
/* End PBXFrameworksBuildPhase section */

/* Begin PBXGroup section */
		42723ED51D382C26009B8740 = {
			isa = PBXGroup;
			children = (
				42723EE01D382C26009B8740 /* ToDo */,
				42723EDF1D382C26009B8740 /* Products */,
			);
			sourceTree = "<group>";
		};
		42723EDF1D382C26009B8740 /* Products */ = {
			isa = PBXGroup;
			children = (
				42723EDE1D382C26009B8740 /* ToDo.app */,
			);
			name = Products;
			sourceTree = "<group>";
		};
		42723EE01D382C26009B8740 /* ToDo */ = {
			isa = PBXGroup;
			children = (
				428EFF001D397B3400179245 /* Models */,
				428EFEFF1D39734300179245 /* Controllers */,
				42723EF81D384344009B8740 /* Cells */,
				42723EE11D382C26009B8740 /* AppDelegate.swift */,
				42723EFB1D38472A009B8740 /* MatrixCategoryCellView.swift */,
				42723EE51D382C26009B8740 /* Main.storyboard */,
				42723EEB1D382C26009B8740 /* Assets.xcassets */,
				42723EED1D382C26009B8740 /* LaunchScreen.storyboard */,
				42723EF01D382C26009B8740 /* Info.plist */,
				42723EE81D382C26009B8740 /* ToDo.xcdatamodeld */,
			);
			path = ToDo;
			sourceTree = "<group>";
		};
		42723EF81D384344009B8740 /* Cells */ = {
			isa = PBXGroup;
			children = (
				42723EFD1D3850F6009B8740 /* TaskListCellView.swift */,
				428EFEF91D3960E900179245 /* DescriptionCellView.swift */,
				428EFEFB1D3964E100179245 /* ImportantCellView.swift */,
				428EFEFD1D39650D00179245 /* UrgentCellView.swift */,
			);
			name = Cells;
			sourceTree = "<group>";
		};
		428EFEFF1D39734300179245 /* Controllers */ = {
			isa = PBXGroup;
			children = (
				42723EF61D382CCF009B8740 /* TaskListViewController.swift */,
				428EFEF71D395FCF00179245 /* NewTaskViewController.swift */,
			);
			name = Controllers;
			sourceTree = "<group>";
		};
		428EFF001D397B3400179245 /* Models */ = {
			isa = PBXGroup;
			children = (
				428EFF011D397B5400179245 /* NewTaskModel.swift */,
			);
			name = Models;
			sourceTree = "<group>";
		};
/* End PBXGroup section */

/* Begin PBXNativeTarget section */
		42723EDD1D382C26009B8740 /* ToDo */ = {
			isa = PBXNativeTarget;
			buildConfigurationList = 42723EF31D382C26009B8740 /* Build configuration list for PBXNativeTarget "ToDo" */;
			buildPhases = (
				42723EDA1D382C26009B8740 /* Sources */,
				42723EDB1D382C26009B8740 /* Frameworks */,
				42723EDC1D382C26009B8740 /* Resources */,
			);
			buildRules = (
			);
			dependencies = (
			);
			name = ToDo;
			productName = ToDo;
			productReference = 42723EDE1D382C26009B8740 /* ToDo.app */;
			productType = "com.apple.product-type.application";
		};
/* End PBXNativeTarget section */

/* Begin PBXProject section */
		42723ED61D382C26009B8740 /* Project object */ = {
			isa = PBXProject;
			attributes = {
				LastSwiftUpdateCheck = 0730;
				LastUpgradeCheck = 0730;
				ORGANIZATIONNAME = "Nate Jackson";
				TargetAttributes = {
					42723EDD1D382C26009B8740 = {
						CreatedOnToolsVersion = 7.3.1;
						DevelopmentTeam = FJ96QPNXHE;
					};
				};
			};
			buildConfigurationList = 42723ED91D382C26009B8740 /* Build configuration list for PBXProject "ToDo" */;
			compatibilityVersion = "Xcode 6.3";
			developmentRegion = English;
			hasScannedForEncodings = 0;
			knownRegions = (
				en,
				Base,
			);
			mainGroup = 42723ED51D382C26009B8740;
			productRefGroup = 42723EDF1D382C26009B8740 /* Products */;
			projectDirPath = "";
			projectRoot = "";
			targets = (
				42723EDD1D382C26009B8740 /* ToDo */,
			);
		};
/* End PBXProject section */

/* Begin PBXResourcesBuildPhase section */
		42723EDC1D382C26009B8740 /* Resources */ = {
			isa = PBXResourcesBuildPhase;
			buildActionMask = 2147483647;
			files = (
				42723EEF1D382C26009B8740 /* LaunchScreen.storyboard in Resources */,
				42723EEC1D382C26009B8740 /* Assets.xcassets in Resources */,
				42723EE71D382C26009B8740 /* Main.storyboard in Resources */,
			);
			runOnlyForDeploymentPostprocessing = 0;
		};
/* End PBXResourcesBuildPhase section */

/* Begin PBXSourcesBuildPhase section */
		42723EDA1D382C26009B8740 /* Sources */ = {
			isa = PBXSourcesBuildPhase;
			buildActionMask = 2147483647;
			files = (
				428EFEFE1D39650D00179245 /* UrgentCellView.swift in Sources */,
				42723EF71D382CCF009B8740 /* TaskListViewController.swift in Sources */,
				428EFEFA1D3960E900179245 /* DescriptionCellView.swift in Sources */,
				42723EFC1D38472A009B8740 /* MatrixCategoryCellView.swift in Sources */,
				428EFEFC1D3964E100179245 /* ImportantCellView.swift in Sources */,
				42723EFE1D3850F6009B8740 /* TaskListCellView.swift in Sources */,
				42723EEA1D382C26009B8740 /* ToDo.xcdatamodeld in Sources */,
				428EFEF81D395FCF00179245 /* NewTaskViewController.swift in Sources */,
				42723EE21D382C26009B8740 /* AppDelegate.swift in Sources */,
				428EFF021D397B5400179245 /* NewTaskModel.swift in Sources */,
			);
			runOnlyForDeploymentPostprocessing = 0;
		};
/* End PBXSourcesBuildPhase section */

/* Begin PBXVariantGroup section */
		42723EE51D382C26009B8740 /* Main.storyboard */ = {
			isa = PBXVariantGroup;
			children = (
				42723EE61D382C26009B8740 /* Base */,
			);
			name = Main.storyboard;
			sourceTree = "<group>";
		};
		42723EED1D382C26009B8740 /* LaunchScreen.storyboard */ = {
			isa = PBXVariantGroup;
			children = (
				42723EEE1D382C26009B8740 /* Base */,
			);
			name = LaunchScreen.storyboard;
			sourceTree = "<group>";
		};
/* End PBXVariantGroup section */

/* Begin XCBuildConfiguration section */
		42723EF11D382C26009B8740 /* Debug */ = {
			isa = XCBuildConfiguration;
			buildSettings = {
				ALWAYS_SEARCH_USER_PATHS = NO;
				CLANG_ANALYZER_NONNULL = YES;
				CLANG_CXX_LANGUAGE_STANDARD = "gnu++0x";
				CLANG_CXX_LIBRARY = "libc++";
				CLANG_ENABLE_MODULES = YES;
				CLANG_ENABLE_OBJC_ARC = YES;
				CLANG_WARN_BOOL_CONVERSION = YES;
				CLANG_WARN_CONSTANT_CONVERSION = YES;
				CLANG_WARN_DIRECT_OBJC_ISA_USAGE = YES_ERROR;
				CLANG_WARN_EMPTY_BODY = YES;
				CLANG_WARN_ENUM_CONVERSION = YES;
				CLANG_WARN_INT_CONVERSION = YES;
				CLANG_WARN_OBJC_ROOT_CLASS = YES_ERROR;
				CLANG_WARN_UNREACHABLE_CODE = YES;
				CLANG_WARN__DUPLICATE_METHOD_MATCH = YES;
				"CODE_SIGN_IDENTITY[sdk=iphoneos*]" = "iPhone Developer";
				COPY_PHASE_STRIP = NO;
				DEBUG_INFORMATION_FORMAT = dwarf;
				ENABLE_STRICT_OBJC_MSGSEND = YES;
				ENABLE_TESTABILITY = YES;
				GCC_C_LANGUAGE_STANDARD = gnu99;
				GCC_DYNAMIC_NO_PIC = NO;
				GCC_NO_COMMON_BLOCKS = YES;
				GCC_OPTIMIZATION_LEVEL = 0;
				GCC_PREPROCESSOR_DEFINITIONS = (
					"DEBUG=1",
					"$(inherited)",
				);
				GCC_WARN_64_TO_32_BIT_CONVERSION = YES;
				GCC_WARN_ABOUT_RETURN_TYPE = YES_ERROR;
				GCC_WARN_UNDECLARED_SELECTOR = YES;
				GCC_WARN_UNINITIALIZED_AUTOS = YES_AGGRESSIVE;
				GCC_WARN_UNUSED_FUNCTION = YES;
				GCC_WARN_UNUSED_VARIABLE = YES;
				IPHONEOS_DEPLOYMENT_TARGET = 9.3;
				MTL_ENABLE_DEBUG_INFO = YES;
				ONLY_ACTIVE_ARCH = YES;
				SDKROOT = iphoneos;
				SWIFT_OPTIMIZATION_LEVEL = "-Onone";
			};
			name = Debug;
		};
		42723EF21D382C26009B8740 /* Release */ = {
			isa = XCBuildConfiguration;
			buildSettings = {
				ALWAYS_SEARCH_USER_PATHS = NO;
				CLANG_ANALYZER_NONNULL = YES;
				CLANG_CXX_LANGUAGE_STANDARD = "gnu++0x";
				CLANG_CXX_LIBRARY = "libc++";
				CLANG_ENABLE_MODULES = YES;
				CLANG_ENABLE_OBJC_ARC = YES;
				CLANG_WARN_BOOL_CONVERSION = YES;
				CLANG_WARN_CONSTANT_CONVERSION = YES;
				CLANG_WARN_DIRECT_OBJC_ISA_USAGE = YES_ERROR;
				CLANG_WARN_EMPTY_BODY = YES;
				CLANG_WARN_ENUM_CONVERSION = YES;
				CLANG_WARN_INT_CONVERSION = YES;
				CLANG_WARN_OBJC_ROOT_CLASS = YES_ERROR;
				CLANG_WARN_UNREACHABLE_CODE = YES;
				CLANG_WARN__DUPLICATE_METHOD_MATCH = YES;
				"CODE_SIGN_IDENTITY[sdk=iphoneos*]" = "iPhone Developer";
				COPY_PHASE_STRIP = NO;
				DEBUG_INFORMATION_FORMAT = "dwarf-with-dsym";
				ENABLE_NS_ASSERTIONS = NO;
				ENABLE_STRICT_OBJC_MSGSEND = YES;
				GCC_C_LANGUAGE_STANDARD = gnu99;
				GCC_NO_COMMON_BLOCKS = YES;
				GCC_WARN_64_TO_32_BIT_CONVERSION = YES;
				GCC_WARN_ABOUT_RETURN_TYPE = YES_ERROR;
				GCC_WARN_UNDECLARED_SELECTOR = YES;
				GCC_WARN_UNINITIALIZED_AUTOS = YES_AGGRESSIVE;
				GCC_WARN_UNUSED_FUNCTION = YES;
				GCC_WARN_UNUSED_VARIABLE = YES;
				IPHONEOS_DEPLOYMENT_TARGET = 9.3;
				MTL_ENABLE_DEBUG_INFO = NO;
				SDKROOT = iphoneos;
				VALIDATE_PRODUCT = YES;
			};
			name = Release;
		};
		42723EF41D382C26009B8740 /* Debug */ = {
			isa = XCBuildConfiguration;
			buildSettings = {
				ASSETCATALOG_COMPILER_APPICON_NAME = AppIcon;
				INFOPLIST_FILE = ToDo/Info.plist;
				LD_RUNPATH_SEARCH_PATHS = "$(inherited) @executable_path/Frameworks";
				PRODUCT_BUNDLE_IDENTIFIER = com.Borg.ToDo;
				PRODUCT_NAME = "$(TARGET_NAME)";
			};
			name = Debug;
		};
		42723EF51D382C26009B8740 /* Release */ = {
			isa = XCBuildConfiguration;
			buildSettings = {
				ASSETCATALOG_COMPILER_APPICON_NAME = AppIcon;
				INFOPLIST_FILE = ToDo/Info.plist;
				LD_RUNPATH_SEARCH_PATHS = "$(inherited) @executable_path/Frameworks";
				PRODUCT_BUNDLE_IDENTIFIER = com.Borg.ToDo;
				PRODUCT_NAME = "$(TARGET_NAME)";
			};
			name = Release;
		};
/* End XCBuildConfiguration section */

/* Begin XCConfigurationList section */
		42723ED91D382C26009B8740 /* Build configuration list for PBXProject "ToDo" */ = {
			isa = XCConfigurationList;
			buildConfigurations = (
				42723EF11D382C26009B8740 /* Debug */,
				42723EF21D382C26009B8740 /* Release */,
			);
			defaultConfigurationIsVisible = 0;
			defaultConfigurationName = Release;
		};
		42723EF31D382C26009B8740 /* Build configuration list for PBXNativeTarget "ToDo" */ = {
			isa = XCConfigurationList;
			buildConfigurations = (
				42723EF41D382C26009B8740 /* Debug */,
				42723EF51D382C26009B8740 /* Release */,
			);
			defaultConfigurationIsVisible = 0;
			defaultConfigurationName = Release;
		};
/* End XCConfigurationList section */

/* Begin XCVersionGroup section */
		42723EE81D382C26009B8740 /* ToDo.xcdatamodeld */ = {
			isa = XCVersionGroup;
			children = (
				42723EE91D382C26009B8740 /* ToDo.xcdatamodel */,
			);
			currentVersion = 42723EE91D382C26009B8740 /* ToDo.xcdatamodel */;
			path = ToDo.xcdatamodeld;
			sourceTree = "<group>";
			versionGroupType = wrapper.xcdatamodel;
		};
/* End XCVersionGroup section */
	};
	rootObject = 42723ED61D382C26009B8740 /* Project object */;
}
